
Microsoft Visual Studio Solution File, Format Version 12.00
# Visual Studio Version 16
VisualStudioVersion = 16.0.30406.217
MinimumVisualStudioVersion = 10.0.40219.1
Project("{FAE04EC0-301F-11D3-BF4B-00C04F79EFBC}") = "FolderSearcher", "FolderSearcher\FolderSearcher.csproj", "{AA2B9C72-EBFE-4236-A3F8-5CE0E4F5B987}"
EndProject
Global
	GlobalSection(SolutionConfigurationPlatforms) = preSolution
		Debug|Any CPU = Debug|Any CPU
		Release|Any CPU = Release|Any CPU
	EndGlobalSection
	GlobalSection(ProjectConfigurationPlatforms) = postSolution
		{AA2B9C72-EBFE-4236-A3F8-5CE0E4F5B987}.Debug|Any CPU.ActiveCfg = Debug|Any CPU
		{AA2B9C72-EBFE-4236-A3F8-5CE0E4F5B987}.Debug|Any CPU.Build.0 = Debug|Any CPU
		{AA2B9C72-EBFE-4236-A3F8-5CE0E4F5B987}.Release|Any CPU.ActiveCfg = Release|Any CPU
		{AA2B9C72-EBFE-4236-A3F8-5CE0E4F5B987}.Release|Any CPU.Build.0 = Release|Any CPU
	EndGlobalSection
	GlobalSection(SolutionProperties) = preSolution
		HideSolutionNode = FALSE
	EndGlobalSection
	GlobalSection(ExtensibilityGlobals) = postSolution
		SolutionGuid = {22162A5B-0AD3-4E69-B0AF-8BC72F6163E5}
	EndGlobalSection
EndGlobal
